
Microsoft Visual Studio Solution File, Format Version 12.00
# Visual Studio Version 17
VisualStudioVersion = 17.0.31912.275
MinimumVisualStudioVersion = 10.0.40219.1
Project("{E24C65DC-7377-472B-9ABA-BC803B73C61A}") = "WCF", "WCF\", "{6555737A-2E0F-4118-AE58-497B910F6A30}"
	ProjectSection(WebsiteProperties) = preProject
		TargetFrameworkMoniker = ".NETFramework,Version%3Dv4.7.2"
		Debug.AspNetCompiler.VirtualPath = "/localhost_60279"
		Debug.AspNetCompiler.PhysicalPath = "WCF\"
		Debug.AspNetCompiler.TargetPath = "PrecompiledWeb\localhost_60279\"
		Debug.AspNetCompiler.Updateable = "true"
		Debug.AspNetCompiler.ForceOverwrite = "true"
		Debug.AspNetCompiler.FixedNames = "false"
		Debug.AspNetCompiler.Debug = "True"
		Release.AspNetCompiler.VirtualPath = "/localhost_60279"
		Release.AspNetCompiler.PhysicalPath = "WCF\"
		Release.AspNetCompiler.TargetPath = "PrecompiledWeb\localhost_60279\"
		Release.AspNetCompiler.Updateable = "true"
		Release.AspNetCompiler.ForceOverwrite = "true"
		Release.AspNetCompiler.FixedNames = "false"
		Release.AspNetCompiler.Debug = "False"
		VWDPort = "60279"
		SlnRelativePath = "WCF\"
		DefaultWebSiteLanguage = "Visual C#"
	EndProjectSection
EndProject
Project("{FAE04EC0-301F-11D3-BF4B-00C04F79EFBC}") = "Presentacion", "Presentacion\Presentacion.csproj", "{8084F95B-D2CA-4D52-BC78-A27C13C3EFC3}"
	ProjectSection(ProjectDependencies) = postProject
		{6555737A-2E0F-4118-AE58-497B910F6A30} = {6555737A-2E0F-4118-AE58-497B910F6A30}
	EndProjectSection
EndProject
Global
	GlobalSection(SolutionConfigurationPlatforms) = preSolution
		Debug|Any CPU = Debug|Any CPU
		Release|Any CPU = Release|Any CPU
	EndGlobalSection
	GlobalSection(ProjectConfigurationPlatforms) = postSolution
		{6555737A-2E0F-4118-AE58-497B910F6A30}.Debug|Any CPU.ActiveCfg = Debug|Any CPU
		{6555737A-2E0F-4118-AE58-497B910F6A30}.Debug|Any CPU.Build.0 = Debug|Any CPU
		{6555737A-2E0F-4118-AE58-497B910F6A30}.Release|Any CPU.ActiveCfg = Debug|Any CPU
		{6555737A-2E0F-4118-AE58-497B910F6A30}.Release|Any CPU.Build.0 = Debug|Any CPU
		{8084F95B-D2CA-4D52-BC78-A27C13C3EFC3}.Debug|Any CPU.ActiveCfg = Debug|Any CPU
		{8084F95B-D2CA-4D52-BC78-A27C13C3EFC3}.Debug|Any CPU.Build.0 = Debug|Any CPU
		{8084F95B-D2CA-4D52-BC78-A27C13C3EFC3}.Release|Any CPU.ActiveCfg = Release|Any CPU
		{8084F95B-D2CA-4D52-BC78-A27C13C3EFC3}.Release|Any CPU.Build.0 = Release|Any CPU
	EndGlobalSection
	GlobalSection(SolutionProperties) = preSolution
		HideSolutionNode = FALSE
	EndGlobalSection
	GlobalSection(ExtensibilityGlobals) = postSolution
		SolutionGuid = {D2C7F21B-2055-4BD1-B233-9AC20AA4A466}
	EndGlobalSection
EndGlobal
